
Microsoft Visual Studio Solution File, Format Version 12.00
# Visual Studio Version 17
VisualStudioVersion = 17.4.33213.308
MinimumVisualStudioVersion = 10.0.40219.1
Project("{9A19103F-16F7-4668-BE54-9A1E7A4F7556}") = "mrKrrabs", "src\mrKrrabs.csproj", "{82D26B3F-A614-45B5-96C9-DF609F876884}"
EndProject
Global
	GlobalSection(SolutionConfigurationPlatforms) = preSolution
		Debug|Any CPU = Debug|Any CPU
		Release|Any CPU = Release|Any CPU
	EndGlobalSection
	GlobalSection(ProjectConfigurationPlatforms) = postSolution
		{82D26B3F-A614-45B5-96C9-DF609F876884}.Debug|Any CPU.ActiveCfg = Debug|Any CPU
		{82D26B3F-A614-45B5-96C9-DF609F876884}.Debug|Any CPU.Build.0 = Debug|Any CPU
		{82D26B3F-A614-45B5-96C9-DF609F876884}.Release|Any CPU.ActiveCfg = Release|Any CPU
		{82D26B3F-A614-45B5-96C9-DF609F876884}.Release|Any CPU.Build.0 = Release|Any CPU
	EndGlobalSection
	GlobalSection(SolutionProperties) = preSolution
		HideSolutionNode = FALSE
	EndGlobalSection
	GlobalSection(ExtensibilityGlobals) = postSolution
		SolutionGuid = {74DDA6FF-723F-40A4-93AB-DC12EDB56A2A}
	EndGlobalSection
EndGlobal
